{
  "name": "cross-set",
  "version": "0.0.1",
  "lockfileVersion": 1,
  "requires": true,
  "dependencies": {
    "@jaredly/reasongl-android": {
      "version": "1.1.2-touch",
      "resolved": "https://registry.npmjs.org/@jaredly/reasongl-android/-/reasongl-android-1.1.2-touch.tgz",
      "integrity": "sha512-+9ewnrq32G00GRiYWWMPWvFLSLKNcKH4ju8D3WGr8kauD+HYeZP14PsxWwOfYMcYCmPwwlfq1F/zuTIS6myPhA==",
      "requires": {
        "@jaredly/reasongl-interface": "1.0.1",
        "ppx-env": "1.0.0"
      },
      "dependencies": {
        "@jaredly/reasongl-interface": {
          "version": "1.0.1",
          "resolved": "https://registry.npmjs.org/@jaredly/reasongl-interface/-/reasongl-interface-1.0.1.tgz",
          "integrity": "sha512-HBj6tofj4suyoinPiDWZf4KyuqPogcbQqMaUlFvzISFYzpRNJ2YZQbijet/9YFwm/0BmlY16PPwig8T953j5gg=="
        }
      }
    },
    "@jaredly/reasongl-interface": {
      "version": "1.0.1-touch2",
      "resolved": "https://registry.npmjs.org/@jaredly/reasongl-interface/-/reasongl-interface-1.0.1-touch2.tgz",
      "integrity": "sha512-tLM4GjbshHYgMIaAMspfeE1jTTsGwdqIQuk5RFyXn4KEQnQQsTay9YeBeiXQIerl+eMb8EJ/Ul4sym/Lj1COJQ=="
    },
    "@jaredly/reasongl-ios": {
      "version": "1.1.0-touch",
      "resolved": "https://registry.npmjs.org/@jaredly/reasongl-ios/-/reasongl-ios-1.1.0-touch.tgz",
      "integrity": "sha512-5+81inQzMXY31qMTVL6iZuwJnNN6B9woLa4iid41a0wibXU9MqvTfhVVh3rGJzquGQ6yg0JSCHOAgA6ZtFuafw==",
      "requires": {
        "@jaredly/reasongl-interface": "1.0.1"
      },
      "dependencies": {
        "@jaredly/reasongl-interface": {
          "version": "1.0.1",
          "resolved": "https://registry.npmjs.org/@jaredly/reasongl-interface/-/reasongl-interface-1.0.1.tgz",
          "integrity": "sha512-HBj6tofj4suyoinPiDWZf4KyuqPogcbQqMaUlFvzISFYzpRNJ2YZQbijet/9YFwm/0BmlY16PPwig8T953j5gg=="
        }
      }
    },
    "@jaredly/reasongl-native": {
      "version": "1.0.3-touch5",
      "resolved": "https://registry.npmjs.org/@jaredly/reasongl-native/-/reasongl-native-1.0.3-touch5.tgz",
      "integrity": "sha512-rZXq+4wyxjLsNze+u7Lb4Cc2ONvPXGq0F6HR3CKlYdNsx26l0TMZhNdKW4iUcOlyYvlpK/EiR7DxXWgXmF1CyA==",
      "requires": {
        "@jaredly/reasongl-interface": "1.0.1-touch",
        "Tgls": "github:bsansouci/tgls#45ca252012060f1f96f85361776815eeb8b26b8c",
        "Tsdl": "github:bsansouci/tsdl#ff6f02470778999ebdf9868f36bb3058ca6deb23"
      },
      "dependencies": {
        "@jaredly/reasongl-interface": {
          "version": "1.0.1-touch",
          "resolved": "https://registry.npmjs.org/@jaredly/reasongl-interface/-/reasongl-interface-1.0.1-touch.tgz",
          "integrity": "sha512-We9P1n20f2aSwuQydeArvgmfmniyqU8nSunLXfqCHTWsXEndHMhbslRVs/tdyK9UiplwiQKVv/o59BHnIqyxQQ=="
        },
        "Tgls": {
          "version": "github:bsansouci/tgls#45ca252012060f1f96f85361776815eeb8b26b8c",
          "from": "github:bsansouci/tgls#45ca252012060f1f96f85361776815eeb8b26b8c"
        },
        "Tsdl": {
          "version": "github:bsansouci/tsdl#ff6f02470778999ebdf9868f36bb3058ca6deb23",
          "from": "github:bsansouci/tsdl#ff6f02470778999ebdf9868f36bb3058ca6deb23",
          "requires": {
            "sdl2": "github:bsansouci/SDL-mirror#436449d6406ee0185737aedae1b8ddbb4c6d81a9"
          }
        },
        "sdl2": {
          "version": "github:bsansouci/SDL-mirror#436449d6406ee0185737aedae1b8ddbb4c6d81a9",
          "from": "github:bsansouci/SDL-mirror#bsb-support"
        }
      }
    },
    "@jaredly/reasongl-web": {
      "version": "1.0.2-touch2",
      "resolved": "https://registry.npmjs.org/@jaredly/reasongl-web/-/reasongl-web-1.0.2-touch2.tgz",
      "integrity": "sha512-dqPW29D2nFPGIt7XhrUSFRY9EzY0PHrQxewmkkMEjS4YQOCXo1JsuGhf3Kb7hqj0lvGEAVmmzG4z4VL9jVlgjQ==",
      "requires": {
        "@jaredly/reasongl-interface": "1.0.1-touch",
        "gl-matrix": "*"
      },
      "dependencies": {
        "@jaredly/reasongl-interface": {
          "version": "1.0.1-touch",
          "resolved": "https://registry.npmjs.org/@jaredly/reasongl-interface/-/reasongl-interface-1.0.1-touch.tgz",
          "integrity": "sha512-We9P1n20f2aSwuQydeArvgmfmniyqU8nSunLXfqCHTWsXEndHMhbslRVs/tdyK9UiplwiQKVv/o59BHnIqyxQQ=="
        }
      }
    },
    "@jaredly/reprocessing": {
      "version": "1.1.5-touch6",
      "resolved": "https://registry.npmjs.org/@jaredly/reprocessing/-/reprocessing-1.1.5-touch6.tgz",
      "integrity": "sha512-GS2KIxppny8XU/s/htE0oDbHOhLjKB3BvpPomjbnhspGVoyHIWdRBWetz7cy7xZnjlQKMuuAUH9gJDsMGPO3XQ==",
      "requires": {
        "@jaredly/reasongl-android": "1.1.2-touch",
        "@jaredly/reasongl-interface": "1.0.1-touch2",
        "@jaredly/reasongl-ios": "1.1.0-touch",
        "@jaredly/reasongl-native": "1.0.3-touch5",
        "@jaredly/reasongl-web": "1.0.2-touch2",
        "matchenv": "github:bsansouci/matchenv#99fb6fd182a39edf6194eace8a9d6454eedec30f"
      }
    },
    "Reasongl": {
      "version": "github:bsansouci/reasongl#d560e6d768d24fb731485e0aee3bc094d26f5248",
      "from": "github:bsansouci/reasongl",
      "requires": {
        "Tgls": "github:bsansouci/tgls#45c490d8d34425f639b508290c297c5a76277bcf",
        "Tsdl": "github:bsansouci/tsdl#197cb1337397035d7a24190c52f3b4549a4a17da",
        "gl-matrix": "*"
      }
    },
    "Reprocessing": {
      "version": "github:jaredly/reprocessing#a0379bfbe881febebd7eaadf6ae69ceda265e85d",
      "from": "github:jaredly/reprocessing",
      "requires": {
        "Reasongl": "github:bsansouci/reasongl#d560e6d768d24fb731485e0aee3bc094d26f5248"
      }
    },
    "Tgls": {
      "version": "github:bsansouci/tgls#45c490d8d34425f639b508290c297c5a76277bcf",
      "from": "github:bsansouci/tgls"
    },
    "Tsdl": {
      "version": "github:bsansouci/tsdl#197cb1337397035d7a24190c52f3b4549a4a17da",
      "from": "github:bsansouci/tsdl",
      "requires": {
        "sdl2": "github:bsansouci/SDL-mirror#db0756eec3c5979b8291d739ebac9e8747ccbac2"
      }
    },
    "bs-platform": {
      "version": "github:bsansouci/bsb-native#d76155b709dba032cdb11e99ebe0e2c37bcb2c85",
      "from": "github:bsansouci/bsb-native#fast",
      "requires": {
        "yauzl": "^2.9.1"
      }
    },
    "buffer-crc32": {
      "version": "0.2.13",
      "resolved": "https://registry.npmjs.org/buffer-crc32/-/buffer-crc32-0.2.13.tgz",
      "integrity": "sha1-DTM+PwDqxQqhRUq9MO+MKl2ackI="
    },
    "fd-slicer": {
      "version": "1.1.0",
      "resolved": "https://registry.npmjs.org/fd-slicer/-/fd-slicer-1.1.0.tgz",
      "integrity": "sha1-JcfInLH5B3+IkbvmHY85Dq4lbx4=",
      "requires": {
        "pend": "~1.2.0"
      }
    },
    "gl-matrix": {
      "version": "2.6.1",
      "resolved": "https://registry.npmjs.org/gl-matrix/-/gl-matrix-2.6.1.tgz",
      "integrity": "sha512-fK37p7vkpw5H4WSypfa6TUV8nlB8+Fd1pZj15sMtvRPnfzArvTI4U4E25x2Hmp+UxZX11ve0aGaHarRieP+gSw=="
    },
    "matchenv": {
      "version": "github:bsansouci/matchenv#99fb6fd182a39edf6194eace8a9d6454eedec30f",
      "from": "github:bsansouci/matchenv",
      "requires": {
        "bs-platform": "github:bsansouci/bsb-native#84604c9f6a5611eed68372efdb575c00a3e72813"
      },
      "dependencies": {
        "bs-platform": {
          "version": "github:bsansouci/bsb-native#84604c9f6a5611eed68372efdb575c00a3e72813",
          "from": "github:bsansouci/bsb-native#3.2.0",
          "requires": {
            "yauzl": "^2.9.1"
          }
        }
      }
    },
    "pend": {
      "version": "1.2.0",
      "resolved": "https://registry.npmjs.org/pend/-/pend-1.2.0.tgz",
      "integrity": "sha1-elfrVQpng/kRUzH89GY9XI4AelA="
    },
    "ppx-env": {
      "version": "1.0.0",
      "resolved": "https://registry.npmjs.org/ppx-env/-/ppx-env-1.0.0.tgz",
      "integrity": "sha512-n1mnqdAyhzrWvb9a9sWoyXDC2Zm7rKlYddT/WxtdpM64Q330a6zczQFOnna5e0OYTS+le+uwvybABA2vOEp+7g==",
      "requires": {
        "bs-platform": "github:bsansouci/bsb-native#d76155b709dba032cdb11e99ebe0e2c37bcb2c85"
      },
      "dependencies": {
        "bs-platform": {
          "version": "github:bsansouci/bsb-native#d76155b709dba032cdb11e99ebe0e2c37bcb2c85",
          "from": "github:bsansouci/bsb-native#2.1.1",
          "requires": {
            "yauzl": "^2.9.1"
          }
        }
      }
    },
    "sdl2": {
      "version": "github:bsansouci/SDL-mirror#db0756eec3c5979b8291d739ebac9e8747ccbac2",
      "from": "github:bsansouci/SDL-mirror#fast",
      "requires": {
        "yauzl": "^2.9.1"
      }
    },
    "yauzl": {
      "version": "2.9.2",
      "resolved": "https://registry.npmjs.org/yauzl/-/yauzl-2.9.2.tgz",
      "integrity": "sha1-T7G8euH8L1cDe1SvasyP4QMcW3c=",
      "requires": {
        "buffer-crc32": "~0.2.3",
        "fd-slicer": "~1.1.0"
      }
    }
  }
}
